
Microsoft Visual Studio Solution File, Format Version 12.00
# Visual Studio Version 17
VisualStudioVersion = 17.13.35828.75 d17.13
MinimumVisualStudioVersion = 10.0.40219.1
Project("{FAE04EC0-301F-11D3-BF4B-00C04F79EFBC}") = "APIWEB", "APIWEB\APIWEB.csproj", "{CC6EDAC1-7DF4-42B1-B6DF-64DE523FCD31}"
EndProject
Global
	GlobalSection(SolutionConfigurationPlatforms) = preSolution
		Debug|Any CPU = Debug|Any CPU
		Release|Any CPU = Release|Any CPU
	EndGlobalSection
	GlobalSection(ProjectConfigurationPlatforms) = postSolution
		{CC6EDAC1-7DF4-42B1-B6DF-64DE523FCD31}.Debug|Any CPU.ActiveCfg = Debug|Any CPU
		{CC6EDAC1-7DF4-42B1-B6DF-64DE523FCD31}.Debug|Any CPU.Build.0 = Debug|Any CPU
		{CC6EDAC1-7DF4-42B1-B6DF-64DE523FCD31}.Release|Any CPU.ActiveCfg = Release|Any CPU
		{CC6EDAC1-7DF4-42B1-B6DF-64DE523FCD31}.Release|Any CPU.Build.0 = Release|Any CPU
	EndGlobalSection
	GlobalSection(SolutionProperties) = preSolution
		HideSolutionNode = FALSE
	EndGlobalSection
	GlobalSection(ExtensibilityGlobals) = postSolution
		SolutionGuid = {3CB43E86-3E03-4CC8-96CD-36A9B1FBB05F}
	EndGlobalSection
EndGlobal
